
Microsoft Visual Studio Solution File, Format Version 12.00
# Visual Studio Version 17
VisualStudioVersion = 17.8.34525.116
MinimumVisualStudioVersion = 10.0.40219.1
Project("{FAE04EC0-301F-11D3-BF4B-00C04F79EFBC}") = "chatatat", "chatatat\chatatat.csproj", "{7A295B05-43AD-429C-92DC-D20BE23DD680}"
EndProject
Project("{FAE04EC0-301F-11D3-BF4B-00C04F79EFBC}") = "qwe", "qwe\qwe.csproj", "{5950EC92-971F-458B-9D25-7758F5770F86}"
EndProject
Project("{FAE04EC0-301F-11D3-BF4B-00C04F79EFBC}") = "ConsoleApp1", "ConsoleApp1\ConsoleApp1.csproj", "{83C76F1A-0B8A-4F51-8558-22B6D08F675E}"
EndProject
Global
	GlobalSection(SolutionConfigurationPlatforms) = preSolution
		Debug|Any CPU = Debug|Any CPU
		Release|Any CPU = Release|Any CPU
	EndGlobalSection
	GlobalSection(ProjectConfigurationPlatforms) = postSolution
		{7A295B05-43AD-429C-92DC-D20BE23DD680}.Debug|Any CPU.ActiveCfg = Debug|Any CPU
		{7A295B05-43AD-429C-92DC-D20BE23DD680}.Debug|Any CPU.Build.0 = Debug|Any CPU
		{7A295B05-43AD-429C-92DC-D20BE23DD680}.Release|Any CPU.ActiveCfg = Release|Any CPU
		{7A295B05-43AD-429C-92DC-D20BE23DD680}.Release|Any CPU.Build.0 = Release|Any CPU
		{5950EC92-971F-458B-9D25-7758F5770F86}.Debug|Any CPU.ActiveCfg = Debug|Any CPU
		{5950EC92-971F-458B-9D25-7758F5770F86}.Debug|Any CPU.Build.0 = Debug|Any CPU
		{5950EC92-971F-458B-9D25-7758F5770F86}.Release|Any CPU.ActiveCfg = Release|Any CPU
		{5950EC92-971F-458B-9D25-7758F5770F86}.Release|Any CPU.Build.0 = Release|Any CPU
		{83C76F1A-0B8A-4F51-8558-22B6D08F675E}.Debug|Any CPU.ActiveCfg = Debug|Any CPU
		{83C76F1A-0B8A-4F51-8558-22B6D08F675E}.Debug|Any CPU.Build.0 = Debug|Any CPU
		{83C76F1A-0B8A-4F51-8558-22B6D08F675E}.Release|Any CPU.ActiveCfg = Release|Any CPU
		{83C76F1A-0B8A-4F51-8558-22B6D08F675E}.Release|Any CPU.Build.0 = Release|Any CPU
	EndGlobalSection
	GlobalSection(SolutionProperties) = preSolution
		HideSolutionNode = FALSE
	EndGlobalSection
	GlobalSection(ExtensibilityGlobals) = postSolution
		SolutionGuid = {8B26C9EA-7A78-43AE-97EA-C9DF152F05B7}
	EndGlobalSection
EndGlobal
